
Microsoft Visual Studio Solution File, Format Version 12.00
# Visual Studio Version 16
VisualStudioVersion = 16.0.30011.22
MinimumVisualStudioVersion = 10.0.40219.1
Project("{FAE04EC0-301F-11D3-BF4B-00C04F79EFBC}") = "TRANSPORTADORA", "TRANSPORTADORA\TRANSPORTADORA.csproj", "{DFA10505-0D2B-422A-92A0-85BD7899CBE4}"
EndProject
Global
	GlobalSection(SolutionConfigurationPlatforms) = preSolution
		Debug|Any CPU = Debug|Any CPU
		Release|Any CPU = Release|Any CPU
	EndGlobalSection
	GlobalSection(ProjectConfigurationPlatforms) = postSolution
		{DFA10505-0D2B-422A-92A0-85BD7899CBE4}.Debug|Any CPU.ActiveCfg = Debug|Any CPU
		{DFA10505-0D2B-422A-92A0-85BD7899CBE4}.Debug|Any CPU.Build.0 = Debug|Any CPU
		{DFA10505-0D2B-422A-92A0-85BD7899CBE4}.Release|Any CPU.ActiveCfg = Release|Any CPU
		{DFA10505-0D2B-422A-92A0-85BD7899CBE4}.Release|Any CPU.Build.0 = Release|Any CPU
	EndGlobalSection
	GlobalSection(SolutionProperties) = preSolution
		HideSolutionNode = FALSE
	EndGlobalSection
	GlobalSection(ExtensibilityGlobals) = postSolution
		SolutionGuid = {F9850853-2842-45FD-96EC-0C57624AA2B3}
	EndGlobalSection
EndGlobal
